# @generated - this file is auto-generated by `mise lock` https://mise.jdx.dev/dev-tools/mise-lock.html

[[tools.go]]
version = "1.26.5"
backend = "core:go"

[tools.go."platforms.linux-arm64"]
checksum = "sha256:fe4789e92b1f33358680864bbe8704289e7bb5fc207d80623c308935bd696d49"
url = "https://dl.google.com/go/go1.26.5.linux-arm64.tar.gz"

[tools.go."platforms.linux-arm64-musl"]
checksum = "sha256:fe4789e92b1f33358680864bbe8704289e7bb5fc207d80623c308935bd696d49"
url = "https://dl.google.com/go/go1.26.5.linux-arm64.tar.gz"

[tools.go."platforms.linux-x64"]
checksum = "sha256:5c2c3b16caefa1d968a94c1daca04a7ca301a496d9b086e17ad77bb81393f053"
url = "https://dl.google.com/go/go1.26.5.linux-amd64.tar.gz"

[tools.go."platforms.linux-x64-musl"]
checksum = "sha256:5c2c3b16caefa1d968a94c1daca04a7ca301a496d9b086e17ad77bb81393f053"
url = "https://dl.google.com/go/go1.26.5.linux-amd64.tar.gz"

[tools.go."platforms.macos-arm64"]
checksum = "sha256:efb87ff28af9a188d0536ef5d42e63dd52ba8263cd7344a993cc48dd11dedb6a"
url = "https://dl.google.com/go/go1.26.5.darwin-arm64.tar.gz"

[tools.go."platforms.macos-x64"]
checksum = "sha256:6231d8d3b8f5552ec6cbf6d685bdd5482e1e703214b120e89b3bf0d7bf1ef725"
url = "https://dl.google.com/go/go1.26.5.darwin-amd64.tar.gz"

[tools.go."platforms.windows-x64"]
checksum = "sha256:97e6b2a833b6d89f9ff17d25419ac0a7e3b482a044e9ab18cdef834bd834fd38"
url = "https://dl.google.com/go/go1.26.5.windows-amd64.zip"

[[tools.gradle]]
version = "9.6.1"
backend = "aqua:gradle/gradle"

[tools.gradle."platforms.linux-arm64"]
checksum = "sha256:9c0f7faeeb306cb14e4279a3e084ca6b596894089a0638e68a07c945a32c9e14"
url = "https://github.com/gradle/gradle-distributions/releases/download/v9.6.1/gradle-9.6.1-bin.zip"
url_api = "https://api.github.com/repos/gradle/gradle-distributions/releases/assets/458711386"

[tools.gradle."platforms.linux-arm64-musl"]
checksum = "sha256:9c0f7faeeb306cb14e4279a3e084ca6b596894089a0638e68a07c945a32c9e14"
url = "https://github.com/gradle/gradle-distributions/releases/download/v9.6.1/gradle-9.6.1-bin.zip"
url_api = "https://api.github.com/repos/gradle/gradle-distributions/releases/assets/458711386"

[tools.gradle."platforms.linux-x64"]
checksum = "sha256:9c0f7faeeb306cb14e4279a3e084ca6b596894089a0638e68a07c945a32c9e14"
url = "https://github.com/gradle/gradle-distributions/releases/download/v9.6.1/gradle-9.6.1-bin.zip"
url_api = "https://api.github.com/repos/gradle/gradle-distributions/releases/assets/458711386"

[tools.gradle."platforms.linux-x64-musl"]
checksum = "sha256:9c0f7faeeb306cb14e4279a3e084ca6b596894089a0638e68a07c945a32c9e14"
url = "https://github.com/gradle/gradle-distributions/releases/download/v9.6.1/gradle-9.6.1-bin.zip"
url_api = "https://api.github.com/repos/gradle/gradle-distributions/releases/assets/458711386"

[tools.gradle."platforms.macos-arm64"]
checksum = "sha256:9c0f7faeeb306cb14e4279a3e084ca6b596894089a0638e68a07c945a32c9e14"
url = "https://github.com/gradle/gradle-distributions/releases/download/v9.6.1/gradle-9.6.1-bin.zip"
url_api = "https://api.github.com/repos/gradle/gradle-distributions/releases/assets/458711386"

[tools.gradle."platforms.macos-x64"]
checksum = "sha256:9c0f7faeeb306cb14e4279a3e084ca6b596894089a0638e68a07c945a32c9e14"
url = "https://github.com/gradle/gradle-distributions/releases/download/v9.6.1/gradle-9.6.1-bin.zip"
url_api = "https://api.github.com/repos/gradle/gradle-distributions/releases/assets/458711386"

[tools.gradle."platforms.windows-x64"]
checksum = "sha256:9c0f7faeeb306cb14e4279a3e084ca6b596894089a0638e68a07c945a32c9e14"
url = "https://github.com/gradle/gradle-distributions/releases/download/v9.6.1/gradle-9.6.1-bin.zip"
url_api = "https://api.github.com/repos/gradle/gradle-distributions/releases/assets/458711386"

[[tools.java]]
version = "temurin-25.0.3+9.0.LTS"
backend = "core:java"

[tools.java."platforms.linux-arm64"]
checksum = "sha256:3e4287cb98870ba824ed698854bdc27cff984254caf66dd12cc291e7bfdde26b"
url = "https://github.com/adoptium/temurin25-binaries/releases/download/jdk-25.0.3%2B9/OpenJDK25U-jdk_aarch64_linux_hotspot_25.0.3_9.tar.gz"

[tools.java."platforms.linux-arm64-musl"]
checksum = "sha256:6ed368e93049d3b188c045fce0b20953bbea92fe0614dbbf4d3fd8daad7be3b2"
url = "https://github.com/adoptium/temurin25-binaries/releases/download/jdk-25.0.3%2B9/OpenJDK25U-jdk_aarch64_alpine-linux_hotspot_25.0.3_9.tar.gz"

[tools.java."platforms.linux-x64"]
checksum = "sha256:69264a7a211bf5029830d07bc3370f879769d62ebc5b5488e90c9343a2da0e1f"
url = "https://github.com/adoptium/temurin25-binaries/releases/download/jdk-25.0.3%2B9/OpenJDK25U-jdk_x64_linux_hotspot_25.0.3_9.tar.gz"

[tools.java."platforms.linux-x64-musl"]
checksum = "sha256:51c2415b370aac7c3796b0c4663c8fcf91bc22d76f03df95b25fa5667cb5fdd8"
url = "https://github.com/adoptium/temurin25-binaries/releases/download/jdk-25.0.3%2B9/OpenJDK25U-jdk_x64_alpine-linux_hotspot_25.0.3_9.tar.gz"

[tools.java."platforms.macos-arm64"]
checksum = "sha256:7baab4d69a15554e119b86ff78d40e3fdc28819b5b322955c913cebfe3f6a37c"
url = "https://github.com/adoptium/temurin25-binaries/releases/download/jdk-25.0.3%2B9/OpenJDK25U-jdk_aarch64_mac_hotspot_25.0.3_9.tar.gz"

[tools.java."platforms.macos-x64"]
checksum = "sha256:4c539a18b4d656960ff6766727e9ca546fc17f7a29714dba9e7b47bdcb37c447"
url = "https://github.com/adoptium/temurin25-binaries/releases/download/jdk-25.0.3%2B9/OpenJDK25U-jdk_x64_mac_hotspot_25.0.3_9.tar.gz"

[tools.java."platforms.windows-x64"]
checksum = "sha256:709312cd0420296d9b9de917fe6e28a5b979e875ee5ab91783fb79bcd5857235"
url = "https://github.com/adoptium/temurin25-binaries/releases/download/jdk-25.0.3%2B9/OpenJDK25U-jdk_x64_windows_hotspot_25.0.3_9.zip"

[[tools.maven]]
version = "3.9.16"
backend = "aqua:apache/maven"

[tools.maven."platforms.linux-arm64"]
checksum = "sha512:831a8591fe20c8243b1dbe7d71e3244f31d1665b0804b2e825e38cbbe5ce0cafb8338851f90780735568773e0a6cd07bbec107cda0b896b008b861075358b6f6"
url = "https://archive.apache.org/dist/maven/maven-3/3.9.16/binaries/apache-maven-3.9.16-bin.tar.gz"

[tools.maven."platforms.linux-arm64-musl"]
checksum = "sha512:831a8591fe20c8243b1dbe7d71e3244f31d1665b0804b2e825e38cbbe5ce0cafb8338851f90780735568773e0a6cd07bbec107cda0b896b008b861075358b6f6"
url = "https://archive.apache.org/dist/maven/maven-3/3.9.16/binaries/apache-maven-3.9.16-bin.tar.gz"

[tools.maven."platforms.linux-x64"]
checksum = "sha512:831a8591fe20c8243b1dbe7d71e3244f31d1665b0804b2e825e38cbbe5ce0cafb8338851f90780735568773e0a6cd07bbec107cda0b896b008b861075358b6f6"
url = "https://archive.apache.org/dist/maven/maven-3/3.9.16/binaries/apache-maven-3.9.16-bin.tar.gz"

[tools.maven."platforms.linux-x64-musl"]
checksum = "sha512:831a8591fe20c8243b1dbe7d71e3244f31d1665b0804b2e825e38cbbe5ce0cafb8338851f90780735568773e0a6cd07bbec107cda0b896b008b861075358b6f6"
url = "https://archive.apache.org/dist/maven/maven-3/3.9.16/binaries/apache-maven-3.9.16-bin.tar.gz"

[tools.maven."platforms.macos-arm64"]
checksum = "sha512:831a8591fe20c8243b1dbe7d71e3244f31d1665b0804b2e825e38cbbe5ce0cafb8338851f90780735568773e0a6cd07bbec107cda0b896b008b861075358b6f6"
url = "https://archive.apache.org/dist/maven/maven-3/3.9.16/binaries/apache-maven-3.9.16-bin.tar.gz"

[tools.maven."platforms.macos-x64"]
checksum = "sha512:831a8591fe20c8243b1dbe7d71e3244f31d1665b0804b2e825e38cbbe5ce0cafb8338851f90780735568773e0a6cd07bbec107cda0b896b008b861075358b6f6"
url = "https://archive.apache.org/dist/maven/maven-3/3.9.16/binaries/apache-maven-3.9.16-bin.tar.gz"

[tools.maven."platforms.windows-x64"]
checksum = "sha512:831a8591fe20c8243b1dbe7d71e3244f31d1665b0804b2e825e38cbbe5ce0cafb8338851f90780735568773e0a6cd07bbec107cda0b896b008b861075358b6f6"
url = "https://archive.apache.org/dist/maven/maven-3/3.9.16/binaries/apache-maven-3.9.16-bin.tar.gz"

[[tools.node]]
version = "26.5.0"
backend = "core:node"

[tools.node."platforms.linux-arm64"]
checksum = "sha256:308e5fe89a82461ba5a6cf15ff5221b2cdbd7ae87600aa72bb3c3fbdc66412d1"
url = "https://nodejs.org/dist/v26.5.0/node-v26.5.0-linux-arm64.tar.gz"

[tools.node."platforms.linux-arm64-musl"]
checksum = "sha256:1ab31aef6561191693f366cacd75bbcefa0301e49a18bc05554c21893bbdb490"
url = "https://unofficial-builds.nodejs.org/download/release/v26.5.0/node-v26.5.0-linux-arm64-musl.tar.gz"

[tools.node."platforms.linux-x64"]
checksum = "sha256:22b5f47ad6ae78837e4c2b846019965ce1a06ba143de176102294a1bf44fc677"
url = "https://nodejs.org/dist/v26.5.0/node-v26.5.0-linux-x64.tar.gz"

[tools.node."platforms.linux-x64-musl"]
checksum = "sha256:00f1398411a4216c5a6ecaad3b825a0da5ec00e79ee8c173ab65a094d97b9ad8"
url = "https://unofficial-builds.nodejs.org/download/release/v26.5.0/node-v26.5.0-linux-x64-musl.tar.gz"

[tools.node."platforms.macos-arm64"]
checksum = "sha256:ee920559aaa2391569cff4d737e3b83963430e3a14dedd91bfe0ff53171b5af9"
url = "https://nodejs.org/dist/v26.5.0/node-v26.5.0-darwin-arm64.tar.gz"

[tools.node."platforms.macos-x64"]
checksum = "sha256:98293394c945a24e64e00b4177bf075ec963ea70b34d1d2e24bd4a71716d334f"
url = "https://nodejs.org/dist/v26.5.0/node-v26.5.0-darwin-x64.tar.gz"

[tools.node."platforms.windows-x64"]
checksum = "sha256:d3b2277dbcccfdf24ef6302928f64f484cff1d77a6d3caa3a28f4d20ce9158f6"
url = "https://nodejs.org/dist/v26.5.0/node-v26.5.0-win-x64.zip"

[[tools.pnpm]]
version = "11.15.1"
backend = "aqua:pnpm/pnpm"

[tools.pnpm."platforms.linux-arm64"]
checksum = "sha256:361e385867146972d0635a41a1871cb44c9c23f65acce78a5f1ca1d44ac0afcd"
url = "https://github.com/pnpm/pnpm/releases/download/v11.15.1/pnpm-linux-arm64.tar.gz"
url_api = "https://api.github.com/repos/pnpm/pnpm/releases/assets/482780455"
provenance = "github-attestations"

[tools.pnpm."platforms.linux-arm64-musl"]
checksum = "sha256:5e293db656ee6a54387945572e06f08245140a7427c8e67b821d56471f373b77"
url = "https://github.com/pnpm/pnpm/releases/download/v11.15.1/pnpm-linux-arm64-musl.tar.gz"
url_api = "https://api.github.com/repos/pnpm/pnpm/releases/assets/482780459"
provenance = "github-attestations"

[tools.pnpm."platforms.linux-x64"]
checksum = "sha256:0c1373b6390f6b89ff8b896d3647c9826577ddc49173a2f732da69b36569f9e0"
url = "https://github.com/pnpm/pnpm/releases/download/v11.15.1/pnpm-linux-x64.tar.gz"
url_api = "https://api.github.com/repos/pnpm/pnpm/releases/assets/482780457"
provenance = "github-attestations"

[tools.pnpm."platforms.linux-x64-musl"]
checksum = "sha256:593039435b88cb4e15c60c18ba032a1ae6a28159287199f20aacc44ad553a094"
url = "https://github.com/pnpm/pnpm/releases/download/v11.15.1/pnpm-linux-x64-musl.tar.gz"
url_api = "https://api.github.com/repos/pnpm/pnpm/releases/assets/482780453"
provenance = "github-attestations"

[tools.pnpm."platforms.macos-arm64"]
checksum = "sha256:4ff53ecc9de8df115d4efef60eab77f91be4f8237cdaca078351a22e707d1849"
url = "https://github.com/pnpm/pnpm/releases/download/v11.15.1/pnpm-darwin-arm64.tar.gz"
url_api = "https://api.github.com/repos/pnpm/pnpm/releases/assets/482780456"
provenance = "github-attestations"

[tools.pnpm."platforms.windows-x64"]
checksum = "sha256:e9179d727211d5556e969fccfa36f828392892c54728a711c9da1cc3093f7900"
url = "https://github.com/pnpm/pnpm/releases/download/v11.15.1/pnpm-win32-x64.zip"
url_api = "https://api.github.com/repos/pnpm/pnpm/releases/assets/482780452"
provenance = "github-attestations"

[[tools.python]]
version = "3.14.6"
backend = "core:python"

[tools.python."platforms.linux-arm64"]
checksum = "sha256:c2a2caa03aa9beb77a5bbb5a009c8fe77b96a56925da2dba18095237e30faf04"
url = "https://github.com/astral-sh/python-build-standalone/releases/download/20260718/cpython-3.14.6+20260718-aarch64-unknown-linux-gnu-install_only_stripped.tar.gz"
provenance = "github-attestations"

[tools.python."platforms.linux-arm64-musl"]
checksum = "sha256:ff7da86be2a3d7fdf0124da7b408ad2de3c7ca8d6c19e6c449ec2cddedd01a8b"
url = "https://github.com/astral-sh/python-build-standalone/releases/download/20260718/cpython-3.14.6+20260718-aarch64-unknown-linux-musl-install_only_stripped.tar.gz"
provenance = "github-attestations"

[tools.python."platforms.linux-x64"]
checksum = "sha256:86bf107f65fc30b56f2b263b26797fcbb1661f5315910cdbf27f733eb8738b74"
url = "https://github.com/astral-sh/python-build-standalone/releases/download/20260718/cpython-3.14.6+20260718-x86_64-unknown-linux-gnu-install_only_stripped.tar.gz"
provenance = "github-attestations"

[tools.python."platforms.linux-x64-musl"]
checksum = "sha256:2c27fc15bde497fbd78a8d5d38559ee1a8c93110952d5c2b390bc6481e2be415"
url = "https://github.com/astral-sh/python-build-standalone/releases/download/20260718/cpython-3.14.6+20260718-x86_64-unknown-linux-musl-install_only_stripped.tar.gz"
provenance = "github-attestations"

[tools.python."platforms.macos-arm64"]
checksum = "blake3:0f0b2d96f4932466a258e6983c933d3fba082a38e86bad5c1d1d4ba137e0b07e"
url = "https://github.com/astral-sh/python-build-standalone/releases/download/20260718/cpython-3.14.6+20260718-aarch64-apple-darwin-install_only_stripped.tar.gz"
provenance = "github-attestations"

[tools.python."platforms.macos-x64"]
checksum = "sha256:2d03154bc83c6d2d048bba23bb808b020e352028f5bd541a740e54467fc9cc75"
url = "https://github.com/astral-sh/python-build-standalone/releases/download/20260718/cpython-3.14.6+20260718-x86_64-apple-darwin-install_only_stripped.tar.gz"
provenance = "github-attestations"

[tools.python."platforms.windows-x64"]
checksum = "sha256:0c5c9f231704fb49149bc8f2b9d9dbe43eeaf6c54f362ef0fc2066ce64b4d10f"
url = "https://github.com/astral-sh/python-build-standalone/releases/download/20260718/cpython-3.14.6+20260718-x86_64-pc-windows-msvc-install_only_stripped.tar.gz"
provenance = "github-attestations"

[[tools.rust]]
version = "1.97.1"
backend = "core:rust"
