# @generated - this file is auto-generated by `mise lock` https://mise.jdx.dev/dev-tools/mise-lock.html

[[tools.go]]
version = "1.27.1"
backend = "core:go"

[tools.go."platforms.linux-arm64"]
checksum = "sha256:3450b45a3f9ee8568792736a5c5e70a1f2e9b36c35a8f74958c03e51d7d92bec"
url = "https://dl.google.com/go/go1.27.1.linux-arm64.tar.gz"

[tools.go."platforms.linux-arm64-musl"]
checksum = "sha256:3450b45a3f9ee8568792736a5c5e70a1f2e9b36c35a8f74958c03e51d7d92bec"
url = "https://dl.google.com/go/go1.27.1.linux-arm64.tar.gz"

[tools.go."platforms.linux-x64"]
checksum = "sha256:63d339f0da5ab53635a56f2490a7984dfe12dfcff22ad749f63edaf590168445"
url = "https://dl.google.com/go/go1.27.1.linux-amd64.tar.gz"

[tools.go."platforms.linux-x64-musl"]
checksum = "sha256:63d339f0da5ab53635a56f2490a7984dfe12dfcff22ad749f63edaf590168445"
url = "https://dl.google.com/go/go1.27.1.linux-amd64.tar.gz"

[tools.go."platforms.macos-arm64"]
checksum = "sha256:ee215d57e0ec269c60cc9ceca68e6bda321ba9ee5afe24f4b0988703c2d87d12"
url = "https://dl.google.com/go/go1.27.1.darwin-arm64.tar.gz"

[tools.go."platforms.macos-x64"]
checksum = "sha256:8f8f52c6649542cf027bbc9b9c68d1ec042f9f34808a40413f0b8b3f66f3caa4"
url = "https://dl.google.com/go/go1.27.1.darwin-amd64.tar.gz"

[tools.go."platforms.windows-x64"]
checksum = "sha256:a3911b5e0e1b1053f25ed0675f4c1c6aad1e2bfcf253df2b9be4caabd2edd95d"
url = "https://dl.google.com/go/go1.27.1.windows-amd64.zip"

[[tools.gradle]]
version = "9.7.1"
backend = "aqua:gradle/gradle"

[tools.gradle."platforms.linux-arm64"]
checksum = "sha256:acd53f1edaf02f1a8ff99879f8a34b302661a057d9b063ae9e35b552f804d20a"
url = "https://github.com/gradle/gradle-distributions/releases/download/v9.7.1/gradle-9.7.1-bin.zip"
url_api = "https://api.github.com/repos/gradle/gradle-distributions/releases/assets/520945879"

[tools.gradle."platforms.linux-arm64-musl"]
checksum = "sha256:acd53f1edaf02f1a8ff99879f8a34b302661a057d9b063ae9e35b552f804d20a"
url = "https://github.com/gradle/gradle-distributions/releases/download/v9.7.1/gradle-9.7.1-bin.zip"
url_api = "https://api.github.com/repos/gradle/gradle-distributions/releases/assets/520945879"

[tools.gradle."platforms.linux-x64"]
checksum = "sha256:acd53f1edaf02f1a8ff99879f8a34b302661a057d9b063ae9e35b552f804d20a"
url = "https://github.com/gradle/gradle-distributions/releases/download/v9.7.1/gradle-9.7.1-bin.zip"
url_api = "https://api.github.com/repos/gradle/gradle-distributions/releases/assets/520945879"

[tools.gradle."platforms.linux-x64-musl"]
checksum = "sha256:acd53f1edaf02f1a8ff99879f8a34b302661a057d9b063ae9e35b552f804d20a"
url = "https://github.com/gradle/gradle-distributions/releases/download/v9.7.1/gradle-9.7.1-bin.zip"
url_api = "https://api.github.com/repos/gradle/gradle-distributions/releases/assets/520945879"

[tools.gradle."platforms.macos-arm64"]
checksum = "sha256:acd53f1edaf02f1a8ff99879f8a34b302661a057d9b063ae9e35b552f804d20a"
url = "https://github.com/gradle/gradle-distributions/releases/download/v9.7.1/gradle-9.7.1-bin.zip"
url_api = "https://api.github.com/repos/gradle/gradle-distributions/releases/assets/520945879"

[tools.gradle."platforms.macos-x64"]
checksum = "sha256:acd53f1edaf02f1a8ff99879f8a34b302661a057d9b063ae9e35b552f804d20a"
url = "https://github.com/gradle/gradle-distributions/releases/download/v9.7.1/gradle-9.7.1-bin.zip"
url_api = "https://api.github.com/repos/gradle/gradle-distributions/releases/assets/520945879"

[tools.gradle."platforms.windows-x64"]
checksum = "sha256:acd53f1edaf02f1a8ff99879f8a34b302661a057d9b063ae9e35b552f804d20a"
url = "https://github.com/gradle/gradle-distributions/releases/download/v9.7.1/gradle-9.7.1-bin.zip"
url_api = "https://api.github.com/repos/gradle/gradle-distributions/releases/assets/520945879"

[[tools.java]]
version = "temurin-25.0.4+101.0.LTS"
backend = "core:java"

[tools.java."platforms.linux-arm64"]
checksum = "sha256:69df11a02cfa3ef7d7ca645e03edce6778ec090e100f6ae2b42097865730ac52"
url = "https://github.com/adoptium/temurin25-binaries/releases/download/jdk-25.0.4.1%2B1/OpenJDK25U-jdk_aarch64_linux_hotspot_25.0.4.1_1.tar.gz"

[tools.java."platforms.linux-arm64-musl"]
checksum = "sha256:8d19373d427017d86ac87cf6a47ba49746be864832f60b52b7e3b1531c6b2cb8"
url = "https://github.com/adoptium/temurin25-binaries/releases/download/jdk-25.0.4.1%2B1/OpenJDK25U-jdk_aarch64_alpine-linux_hotspot_25.0.4.1_1.tar.gz"

[tools.java."platforms.linux-x64"]
checksum = "sha256:dbb698396d478e7fa2b1e50f4103324b2a99b90569ee27c33f2261f9215cf41e"
url = "https://github.com/adoptium/temurin25-binaries/releases/download/jdk-25.0.4.1%2B1/OpenJDK25U-jdk_x64_linux_hotspot_25.0.4.1_1.tar.gz"

[tools.java."platforms.linux-x64-musl"]
checksum = "sha256:f18648ee5ce45261f50dc9493fdae7ddebaa2a7a857cafda3e2a448a79c03dee"
url = "https://github.com/adoptium/temurin25-binaries/releases/download/jdk-25.0.4.1%2B1/OpenJDK25U-jdk_x64_alpine-linux_hotspot_25.0.4.1_1.tar.gz"

[tools.java."platforms.macos-arm64"]
checksum = "sha256:61979887f7506a24a57439ff99adb8b3a7fc89977d9cfe3b8984f58a981b7b9d"
url = "https://github.com/adoptium/temurin25-binaries/releases/download/jdk-25.0.4.1%2B1/OpenJDK25U-jdk_aarch64_mac_hotspot_25.0.4.1_1.tar.gz"

[tools.java."platforms.macos-x64"]
checksum = "sha256:e6229d9504f7922053ab31821b9e6bee8761daf7b026a3476d1a027563009880"
url = "https://github.com/adoptium/temurin25-binaries/releases/download/jdk-25.0.4.1%2B1/OpenJDK25U-jdk_x64_mac_hotspot_25.0.4.1_1.tar.gz"

[tools.java."platforms.windows-x64"]
checksum = "sha256:00c847d804f4a78e9f04f2683faf14fed898535b177b7fc704486cb0284e9283"
url = "https://github.com/adoptium/temurin25-binaries/releases/download/jdk-25.0.4.1%2B1/OpenJDK25U-jdk_x64_windows_hotspot_25.0.4.1_1.zip"

[[tools.maven]]
version = "3.9.16"
backend = "aqua:apache/maven"

[tools.maven."platforms.linux-arm64"]
checksum = "sha512:831a8591fe20c8243b1dbe7d71e3244f31d1665b0804b2e825e38cbbe5ce0cafb8338851f90780735568773e0a6cd07bbec107cda0b896b008b861075358b6f6"
url = "https://archive.apache.org/dist/maven/maven-3/3.9.16/binaries/apache-maven-3.9.16-bin.tar.gz"

[tools.maven."platforms.linux-arm64-musl"]
checksum = "sha512:831a8591fe20c8243b1dbe7d71e3244f31d1665b0804b2e825e38cbbe5ce0cafb8338851f90780735568773e0a6cd07bbec107cda0b896b008b861075358b6f6"
url = "https://archive.apache.org/dist/maven/maven-3/3.9.16/binaries/apache-maven-3.9.16-bin.tar.gz"

[tools.maven."platforms.linux-x64"]
checksum = "sha512:831a8591fe20c8243b1dbe7d71e3244f31d1665b0804b2e825e38cbbe5ce0cafb8338851f90780735568773e0a6cd07bbec107cda0b896b008b861075358b6f6"
url = "https://archive.apache.org/dist/maven/maven-3/3.9.16/binaries/apache-maven-3.9.16-bin.tar.gz"

[tools.maven."platforms.linux-x64-musl"]
checksum = "sha512:831a8591fe20c8243b1dbe7d71e3244f31d1665b0804b2e825e38cbbe5ce0cafb8338851f90780735568773e0a6cd07bbec107cda0b896b008b861075358b6f6"
url = "https://archive.apache.org/dist/maven/maven-3/3.9.16/binaries/apache-maven-3.9.16-bin.tar.gz"

[tools.maven."platforms.macos-arm64"]
checksum = "sha512:831a8591fe20c8243b1dbe7d71e3244f31d1665b0804b2e825e38cbbe5ce0cafb8338851f90780735568773e0a6cd07bbec107cda0b896b008b861075358b6f6"
url = "https://archive.apache.org/dist/maven/maven-3/3.9.16/binaries/apache-maven-3.9.16-bin.tar.gz"

[tools.maven."platforms.macos-x64"]
checksum = "sha512:831a8591fe20c8243b1dbe7d71e3244f31d1665b0804b2e825e38cbbe5ce0cafb8338851f90780735568773e0a6cd07bbec107cda0b896b008b861075358b6f6"
url = "https://archive.apache.org/dist/maven/maven-3/3.9.16/binaries/apache-maven-3.9.16-bin.tar.gz"

[tools.maven."platforms.windows-x64"]
checksum = "sha512:831a8591fe20c8243b1dbe7d71e3244f31d1665b0804b2e825e38cbbe5ce0cafb8338851f90780735568773e0a6cd07bbec107cda0b896b008b861075358b6f6"
url = "https://archive.apache.org/dist/maven/maven-3/3.9.16/binaries/apache-maven-3.9.16-bin.tar.gz"

[[tools.node]]
version = "26.9.0"
backend = "core:node"

[tools.node."platforms.linux-arm64"]
checksum = "sha256:d5077591aa38b48d90bf9b3ac10da8d2f40dce289b20294913c58c19f153eb12"
url = "https://nodejs.org/dist/v26.9.0/node-v26.9.0-linux-arm64.tar.gz"

[tools.node."platforms.linux-arm64-musl"]
checksum = "sha256:b52b747e86ef6d18068f02f43f508a608358c974dc5da8ef270bc823ba4710ca"
url = "https://unofficial-builds.nodejs.org/download/release/v26.9.0/node-v26.9.0-linux-arm64-musl.tar.gz"

[tools.node."platforms.linux-x64"]
checksum = "sha256:03d9104fc4f19652e74480fed11c023d75981464b7292f21a601c3f95ce7d90d"
url = "https://nodejs.org/dist/v26.9.0/node-v26.9.0-linux-x64.tar.gz"

[tools.node."platforms.linux-x64-musl"]
checksum = "sha256:669dd67ec374f7315dbac9e119641d0e4f371519e00c4b692f1f81e7a04b747c"
url = "https://unofficial-builds.nodejs.org/download/release/v26.9.0/node-v26.9.0-linux-x64-musl.tar.gz"

[tools.node."platforms.macos-arm64"]
checksum = "sha256:6f3de7ed853ee283b4bf24b6e426618f1d357401ce5815db1866eb85eb4b05d9"
url = "https://nodejs.org/dist/v26.9.0/node-v26.9.0-darwin-arm64.tar.gz"

[tools.node."platforms.macos-x64"]
checksum = "sha256:06b2e742ed9025dc84adc830243b3f731956eac9c321bccd0ede384209af02a8"
url = "https://nodejs.org/dist/v26.9.0/node-v26.9.0-darwin-x64.tar.gz"

[tools.node."platforms.windows-x64"]
checksum = "sha256:c8af870b5b3e9789a6cbdb30270e7c212e12d76a7afa7fc7f21b6b21cc22a71b"
url = "https://nodejs.org/dist/v26.9.0/node-v26.9.0-win-x64.zip"

[[tools.pnpm]]
version = "12.5.1"
backend = "aqua:pnpm/pnpm"

[tools.pnpm."platforms.linux-arm64"]
checksum = "sha256:84e1290e82c800acd406b6db27e9650e15db3c2344d12162cc305ea1f942c6ff"
url = "https://github.com/pnpm/pnpm/releases/download/v12.5.1/pnpm-linux-arm64.tar.gz"
url_api = "https://api.github.com/repos/pnpm/pnpm/releases/assets/573486212"
provenance = "github-attestations"

[tools.pnpm."platforms.linux-arm64-musl"]
checksum = "sha256:41d24fdc91360b431d667c54720f62b2d32e14ba71b09b2d0a63a8c859dcc4e3"
url = "https://github.com/pnpm/pnpm/releases/download/v12.5.1/pnpm-linux-arm64-musl.tar.gz"
url_api = "https://api.github.com/repos/pnpm/pnpm/releases/assets/573486225"
provenance = "github-attestations"

[tools.pnpm."platforms.linux-x64"]
checksum = "sha256:5a397dfb6b3d4b07d3d7769586aeb471048faf04299a492e2808b95a9a1c701f"
url = "https://github.com/pnpm/pnpm/releases/download/v12.5.1/pnpm-linux-x64.tar.gz"
url_api = "https://api.github.com/repos/pnpm/pnpm/releases/assets/573486211"
provenance = "github-attestations"

[tools.pnpm."platforms.linux-x64-musl"]
checksum = "sha256:9b1910e07dac85bb7a2f5e0d1eb15da49b9e6220e0862b339877f8729bfb467a"
url = "https://github.com/pnpm/pnpm/releases/download/v12.5.1/pnpm-linux-x64-musl.tar.gz"
url_api = "https://api.github.com/repos/pnpm/pnpm/releases/assets/573486222"
provenance = "github-attestations"

[tools.pnpm."platforms.macos-arm64"]
checksum = "sha256:776b26182ea825d5846dc236d29773cf4b7568b7f0abe145c328a342284c8b75"
url = "https://github.com/pnpm/pnpm/releases/download/v12.5.1/pnpm-darwin-arm64.tar.gz"
url_api = "https://api.github.com/repos/pnpm/pnpm/releases/assets/573486213"
provenance = "github-attestations"

[tools.pnpm."platforms.windows-x64"]
checksum = "sha256:fd20b55fe51414951efd4870a24dc4609694e391d07620e0df69aac151278989"
url = "https://github.com/pnpm/pnpm/releases/download/v12.5.1/pnpm-win32-x64.zip"
url_api = "https://api.github.com/repos/pnpm/pnpm/releases/assets/573486214"
provenance = "github-attestations"

[[tools.python]]
version = "3.14.7"
backend = "core:python"

[tools.python."platforms.linux-arm64"]
checksum = "sha256:8a0798baa8a2c27b5751d590aced543eaa85e20b3f73d93c1af049688acdc9c5"
url = "https://github.com/astral-sh/python-build-standalone/releases/download/20260901/cpython-3.14.7+20260901-aarch64-unknown-linux-gnu-install_only_stripped.tar.gz"
provenance = "github-attestations"

[tools.python."platforms.linux-arm64-musl"]
checksum = "sha256:701c31d72187242302922a29f3bc6023ceb68b6b68fb8d4ed7568d1e6ef34548"
url = "https://github.com/astral-sh/python-build-standalone/releases/download/20260901/cpython-3.14.7+20260901-aarch64-unknown-linux-musl-install_only_stripped.tar.gz"
provenance = "github-attestations"

[tools.python."platforms.linux-x64"]
checksum = "sha256:3959f92825141e04adf44982d3a83ee57af0877e893b0796e04c1468749d9b04"
url = "https://github.com/astral-sh/python-build-standalone/releases/download/20260901/cpython-3.14.7+20260901-x86_64-unknown-linux-gnu-install_only_stripped.tar.gz"
provenance = "github-attestations"

[tools.python."platforms.linux-x64-musl"]
checksum = "sha256:c773f8a7357c0d1a29e208a14bc16386731ca9c0d2e51f1b6741967fb0632cdc"
url = "https://github.com/astral-sh/python-build-standalone/releases/download/20260901/cpython-3.14.7+20260901-x86_64-unknown-linux-musl-install_only_stripped.tar.gz"
provenance = "github-attestations"

[tools.python."platforms.macos-arm64"]
checksum = "sha256:4632cb1a6edad9e73d3c81b6d2e69131637d995173e3e85005df14102b0592ba"
url = "https://github.com/astral-sh/python-build-standalone/releases/download/20260901/cpython-3.14.7+20260901-aarch64-apple-darwin-install_only_stripped.tar.gz"
provenance = "github-attestations"

[tools.python."platforms.macos-x64"]
checksum = "sha256:7e151a7c9028855b61a7d6e78381f2020a1ef185281399f3b1aafc5e1c9a1a64"
url = "https://github.com/astral-sh/python-build-standalone/releases/download/20260901/cpython-3.14.7+20260901-x86_64-apple-darwin-install_only_stripped.tar.gz"
provenance = "github-attestations"

[tools.python."platforms.windows-x64"]
checksum = "sha256:ca3c33ca924dfcab3b74205a7a58a88b0255135c53f95497b26b5e60700fd66d"
url = "https://github.com/astral-sh/python-build-standalone/releases/download/20260901/cpython-3.14.7+20260901-x86_64-pc-windows-msvc-install_only_stripped.tar.gz"
provenance = "github-attestations"

[[tools.rust]]
version = "1.98.1"
backend = "core:rust"
