# @generated - this file is auto-generated by `mise lock` https://mise.jdx.dev/dev-tools/mise-lock.html

[[tools.go]]
version = "1.26.1"
backend = "core:go"

[tools.go."platforms.linux-arm64"]
checksum = "sha256:a290581cfe4fe28ddd737dde3095f3dbeb7f2e4065cab4eae44dfc53b760c2f7"
url = "https://dl.google.com/go/go1.26.1.linux-arm64.tar.gz"

[tools.go."platforms.linux-arm64-musl"]
checksum = "sha256:a290581cfe4fe28ddd737dde3095f3dbeb7f2e4065cab4eae44dfc53b760c2f7"
url = "https://dl.google.com/go/go1.26.1.linux-arm64.tar.gz"

[tools.go."platforms.linux-x64"]
checksum = "sha256:031f088e5d955bab8657ede27ad4e3bc5b7c1ba281f05f245bcc304f327c987a"
url = "https://dl.google.com/go/go1.26.1.linux-amd64.tar.gz"

[tools.go."platforms.linux-x64-musl"]
checksum = "sha256:031f088e5d955bab8657ede27ad4e3bc5b7c1ba281f05f245bcc304f327c987a"
url = "https://dl.google.com/go/go1.26.1.linux-amd64.tar.gz"

[tools.go."platforms.macos-arm64"]
checksum = "sha256:353df43a7811ce284c8938b5f3c7df40b7bfb6f56cb165b150bc40b5e2dd541f"
url = "https://dl.google.com/go/go1.26.1.darwin-arm64.tar.gz"

[tools.go."platforms.macos-x64"]
checksum = "sha256:65773dab2f8cc4cd23d93ba6d0a805de150ca0b78378879292be0b903b8cdd08"
url = "https://dl.google.com/go/go1.26.1.darwin-amd64.tar.gz"

[tools.go."platforms.windows-x64"]
checksum = "sha256:9b68112c913f45b7aebbf13c036721264bbba7e03a642f8f7490c561eebd1ecc"
url = "https://dl.google.com/go/go1.26.1.windows-amd64.zip"

[[tools.gradle]]
version = "9.4.1"
backend = "aqua:gradle/gradle"

[tools.gradle."platforms.linux-arm64"]
checksum = "sha256:2ab2958f2a1e51120c326cad6f385153bb11ee93b3c216c5fccebfdfbb7ec6cb"
url = "https://github.com/gradle/gradle-distributions/releases/download/v9.4.1/gradle-9.4.1-bin.zip"

[tools.gradle."platforms.linux-arm64-musl"]
checksum = "sha256:2ab2958f2a1e51120c326cad6f385153bb11ee93b3c216c5fccebfdfbb7ec6cb"
url = "https://github.com/gradle/gradle-distributions/releases/download/v9.4.1/gradle-9.4.1-bin.zip"

[tools.gradle."platforms.linux-x64"]
checksum = "sha256:2ab2958f2a1e51120c326cad6f385153bb11ee93b3c216c5fccebfdfbb7ec6cb"
url = "https://github.com/gradle/gradle-distributions/releases/download/v9.4.1/gradle-9.4.1-bin.zip"

[tools.gradle."platforms.linux-x64-musl"]
checksum = "sha256:2ab2958f2a1e51120c326cad6f385153bb11ee93b3c216c5fccebfdfbb7ec6cb"
url = "https://github.com/gradle/gradle-distributions/releases/download/v9.4.1/gradle-9.4.1-bin.zip"

[tools.gradle."platforms.macos-arm64"]
checksum = "sha256:2ab2958f2a1e51120c326cad6f385153bb11ee93b3c216c5fccebfdfbb7ec6cb"
url = "https://github.com/gradle/gradle-distributions/releases/download/v9.4.1/gradle-9.4.1-bin.zip"

[tools.gradle."platforms.macos-x64"]
checksum = "sha256:2ab2958f2a1e51120c326cad6f385153bb11ee93b3c216c5fccebfdfbb7ec6cb"
url = "https://github.com/gradle/gradle-distributions/releases/download/v9.4.1/gradle-9.4.1-bin.zip"

[tools.gradle."platforms.windows-x64"]
checksum = "sha256:2ab2958f2a1e51120c326cad6f385153bb11ee93b3c216c5fccebfdfbb7ec6cb"
url = "https://github.com/gradle/gradle-distributions/releases/download/v9.4.1/gradle-9.4.1-bin.zip"

[[tools.java]]
version = "temurin-21.0.10+7.0.LTS"
backend = "core:java"

[[tools.maven]]
version = "3.9.14"
backend = "aqua:apache/maven"

[tools.maven."platforms.linux-arm64"]
url = "https://archive.apache.org/dist/maven/maven-3/3.9.14/binaries/apache-maven-3.9.14-bin.tar.gz"

[tools.maven."platforms.linux-arm64-musl"]
url = "https://archive.apache.org/dist/maven/maven-3/3.9.14/binaries/apache-maven-3.9.14-bin.tar.gz"

[tools.maven."platforms.linux-x64"]
url = "https://archive.apache.org/dist/maven/maven-3/3.9.14/binaries/apache-maven-3.9.14-bin.tar.gz"

[tools.maven."platforms.linux-x64-musl"]
url = "https://archive.apache.org/dist/maven/maven-3/3.9.14/binaries/apache-maven-3.9.14-bin.tar.gz"

[tools.maven."platforms.macos-arm64"]
url = "https://archive.apache.org/dist/maven/maven-3/3.9.14/binaries/apache-maven-3.9.14-bin.tar.gz"

[tools.maven."platforms.macos-x64"]
url = "https://archive.apache.org/dist/maven/maven-3/3.9.14/binaries/apache-maven-3.9.14-bin.tar.gz"

[tools.maven."platforms.windows-x64"]
url = "https://archive.apache.org/dist/maven/maven-3/3.9.14/binaries/apache-maven-3.9.14-bin.tar.gz"

[[tools.node]]
version = "25.8.2"
backend = "core:node"

[tools.node."platforms.linux-arm64"]
checksum = "sha256:2f823ecd4f9331d6492fedbe50c5a610be3084521f3a5af146875e00a52f2e63"
url = "https://nodejs.org/dist/v25.8.2/node-v25.8.2-linux-arm64.tar.gz"

[tools.node."platforms.linux-arm64-musl"]
checksum = "sha256:2f823ecd4f9331d6492fedbe50c5a610be3084521f3a5af146875e00a52f2e63"
url = "https://nodejs.org/dist/v25.8.2/node-v25.8.2-linux-arm64.tar.gz"

[tools.node."platforms.linux-x64"]
checksum = "sha256:e06c7069012d40914c57b31157c69d4ce83ea1fe9d63bbb7d26e0509a4535d21"
url = "https://nodejs.org/dist/v25.8.2/node-v25.8.2-linux-x64.tar.gz"

[tools.node."platforms.linux-x64-musl"]
checksum = "sha256:e06c7069012d40914c57b31157c69d4ce83ea1fe9d63bbb7d26e0509a4535d21"
url = "https://nodejs.org/dist/v25.8.2/node-v25.8.2-linux-x64.tar.gz"

[tools.node."platforms.macos-arm64"]
checksum = "sha256:fb8dabfda3232ef90d992e6439824fc3237356c04d182f3fa883bebeef31e871"
url = "https://nodejs.org/dist/v25.8.2/node-v25.8.2-darwin-arm64.tar.gz"

[tools.node."platforms.macos-x64"]
checksum = "sha256:530ffb419789f843215375a65b8fcf4cf010735e99276f512a241a31ba8e5e13"
url = "https://nodejs.org/dist/v25.8.2/node-v25.8.2-darwin-x64.tar.gz"

[tools.node."platforms.windows-x64"]
checksum = "sha256:51815d5b0256b947d27d614de04060fcfdbdb830d2c86e63e6f33dbf7964cca7"
url = "https://nodejs.org/dist/v25.8.2/node-v25.8.2-win-x64.zip"

[[tools.pnpm]]
version = "10.33.0"
backend = "aqua:pnpm/pnpm"

[tools.pnpm."platforms.linux-arm64"]
checksum = "sha256:06755ad2817548b84317d857d5c8003dc6e9e28416a3ea7467256c49ab400d48"
url = "https://github.com/pnpm/pnpm/releases/download/v10.33.0/pnpm-linux-arm64"

[tools.pnpm."platforms.linux-arm64-musl"]
checksum = "sha256:06755ad2817548b84317d857d5c8003dc6e9e28416a3ea7467256c49ab400d48"
url = "https://github.com/pnpm/pnpm/releases/download/v10.33.0/pnpm-linux-arm64"

[tools.pnpm."platforms.linux-x64"]
checksum = "sha256:8d4e8f7d778e8ac482022e2577011706a872542f6f6f233e795a4d9f978ea8b5"
url = "https://github.com/pnpm/pnpm/releases/download/v10.33.0/pnpm-linux-x64"

[tools.pnpm."platforms.linux-x64-musl"]
checksum = "sha256:8d4e8f7d778e8ac482022e2577011706a872542f6f6f233e795a4d9f978ea8b5"
url = "https://github.com/pnpm/pnpm/releases/download/v10.33.0/pnpm-linux-x64"

[tools.pnpm."platforms.macos-arm64"]
checksum = "sha256:ed8a1f140f4de457b01ebe0be3ae28e9a7e28863315dcd53d22ff1e5a32d63ae"
url = "https://github.com/pnpm/pnpm/releases/download/v10.33.0/pnpm-macos-arm64"

[tools.pnpm."platforms.macos-x64"]
checksum = "sha256:c31e29554b0e3f4e03f4617195c949595e4dca36085922003de4896c3ca4057d"
url = "https://github.com/pnpm/pnpm/releases/download/v10.33.0/pnpm-macos-x64"

[tools.pnpm."platforms.windows-x64"]
checksum = "sha256:afc96009dc39fe23a835d65192049e6a995f342496b175585dc2beda7d42d33f"
url = "https://github.com/pnpm/pnpm/releases/download/v10.33.0/pnpm-win-x64.exe"

[[tools.python]]
version = "3.14.3"
backend = "core:python"

[tools.python."platforms.linux-arm64"]
checksum = "sha256:53700338695e402a1a1fe22be4a41fbdacc70e22bb308a48eca8ed67cb7992be"
url = "https://github.com/astral-sh/python-build-standalone/releases/download/20260324/cpython-3.14.3+20260324-aarch64-unknown-linux-gnu-install_only_stripped.tar.gz"

[tools.python."platforms.linux-arm64-musl"]
checksum = "sha256:53700338695e402a1a1fe22be4a41fbdacc70e22bb308a48eca8ed67cb7992be"
url = "https://github.com/astral-sh/python-build-standalone/releases/download/20260324/cpython-3.14.3+20260324-aarch64-unknown-linux-gnu-install_only_stripped.tar.gz"

[tools.python."platforms.linux-x64"]
checksum = "sha256:d7a9f970914bb4c88756fe3bdcc186d4feb90e9500e54f1db47dae4dc9687e39"
url = "https://github.com/astral-sh/python-build-standalone/releases/download/20260324/cpython-3.14.3+20260324-x86_64-unknown-linux-gnu-install_only_stripped.tar.gz"

[tools.python."platforms.linux-x64-musl"]
checksum = "sha256:d7a9f970914bb4c88756fe3bdcc186d4feb90e9500e54f1db47dae4dc9687e39"
url = "https://github.com/astral-sh/python-build-standalone/releases/download/20260324/cpython-3.14.3+20260324-x86_64-unknown-linux-gnu-install_only_stripped.tar.gz"

[tools.python."platforms.macos-arm64"]
checksum = "sha256:c43aecde4a663aebff99b9b83da0efec506479f1c3f98331442f33d2c43501f9"
url = "https://github.com/astral-sh/python-build-standalone/releases/download/20260324/cpython-3.14.3+20260324-aarch64-apple-darwin-install_only_stripped.tar.gz"

[tools.python."platforms.macos-x64"]
checksum = "sha256:9ab41dbc2f100a2a45d1833b9c11165f51051c558b5213eda9a9731d5948a0c0"
url = "https://github.com/astral-sh/python-build-standalone/releases/download/20260324/cpython-3.14.3+20260324-x86_64-apple-darwin-install_only_stripped.tar.gz"

[tools.python."platforms.windows-x64"]
checksum = "sha256:bbe19034b35b0267176a7442575ae7dc6343480fd4d35598cb7700173d431e09"
url = "https://github.com/astral-sh/python-build-standalone/releases/download/20260324/cpython-3.14.3+20260324-x86_64-pc-windows-msvc-install_only_stripped.tar.gz"

[[tools.rust]]
version = "1.94.1"
backend = "core:rust"
